
Microsoft Visual Studio Solution File, Format Version 12.00
# Visual Studio Version 17
VisualStudioVersion = 17.3.32929.385
MinimumVisualStudioVersion = 10.0.40219.1
Project("{FAE04EC0-301F-11D3-BF4B-00C04F79EFBC}") = "WebApplication", "WebApplication\WebApplication.csproj", "{8646F1F2-21A6-49A8-BDCD-B19D21F74BA0}"
EndProject
Global
	GlobalSection(SolutionConfigurationPlatforms) = preSolution
		Debug|Any CPU = Debug|Any CPU
		Release|Any CPU = Release|Any CPU
	EndGlobalSection
	GlobalSection(ProjectConfigurationPlatforms) = postSolution
		{8646F1F2-21A6-49A8-BDCD-B19D21F74BA0}.Debug|Any CPU.ActiveCfg = Debug|Any CPU
		{8646F1F2-21A6-49A8-BDCD-B19D21F74BA0}.Debug|Any CPU.Build.0 = Debug|Any CPU
		{8646F1F2-21A6-49A8-BDCD-B19D21F74BA0}.Release|Any CPU.ActiveCfg = Release|Any CPU
		{8646F1F2-21A6-49A8-BDCD-B19D21F74BA0}.Release|Any CPU.Build.0 = Release|Any CPU
	EndGlobalSection
	GlobalSection(SolutionProperties) = preSolution
		HideSolutionNode = FALSE
	EndGlobalSection
	GlobalSection(ExtensibilityGlobals) = postSolution
		SolutionGuid = {3C2D06C1-16E8-4B49-81E2-4E0363987CCC}
	EndGlobalSection
EndGlobal
